# This file is automatically @generated by Cargo.
# It is not intended for manual editing.
version = 4

[[package]]
name = "araucaria"
version = "1.0.0"
source = "git+https://github.com/joao-arthur/araucaria?rev=300b4eeed0af3362882ab7ce8559cfc342dfffe6#300b4eeed0af3362882ab7ce8559cfc342dfffe6"

[[package]]
name = "domain"
version = "1.0.0"
dependencies = [
 "araucaria",
]
