# This file is automatically @generated by Cargo.
# It is not intended for manual editing.
version = 4

[[package]]
name = "araucaria"
version = "1.0.0"
source = "git+https://github.com/joao-arthur/araucaria?rev=d38d6bc411babf4ad3a3272225e725f112698059#d38d6bc411babf4ad3a3272225e725f112698059"

[[package]]
name = "domain"
version = "1.0.0"
dependencies = [
 "araucaria",
]
