# This file is automatically @generated by Cargo.
# It is not intended for manual editing.
version = 4

[[package]]
name = "araucaria"
version = "1.0.0"
source = "git+https://github.com/joao-arthur/araucaria?rev=f3f84240b335b0058c7dfd159c94b8c8de2d4dde#f3f84240b335b0058c7dfd159c94b8c8de2d4dde"

[[package]]
name = "domain"
version = "1.0.0"
dependencies = [
 "araucaria",
]
